
Microsoft Visual Studio Solution File, Format Version 12.00
# Visual Studio Version 16
VisualStudioVersion = 16.0.31205.134
MinimumVisualStudioVersion = 10.0.40219.1
Project("{FAE04EC0-301F-11D3-BF4B-00C04F79EFBC}") = "DocApp", "DocApp\DocApp.csproj", "{12F536EA-3957-4764-BCE7-250F3D34BF91}"
EndProject
Global
	GlobalSection(SolutionConfigurationPlatforms) = preSolution
		Debug|Any CPU = Debug|Any CPU
		Release|Any CPU = Release|Any CPU
	EndGlobalSection
	GlobalSection(ProjectConfigurationPlatforms) = postSolution
		{12F536EA-3957-4764-BCE7-250F3D34BF91}.Debug|Any CPU.ActiveCfg = Debug|Any CPU
		{12F536EA-3957-4764-BCE7-250F3D34BF91}.Debug|Any CPU.Build.0 = Debug|Any CPU
		{12F536EA-3957-4764-BCE7-250F3D34BF91}.Release|Any CPU.ActiveCfg = Release|Any CPU
		{12F536EA-3957-4764-BCE7-250F3D34BF91}.Release|Any CPU.Build.0 = Release|Any CPU
	EndGlobalSection
	GlobalSection(SolutionProperties) = preSolution
		HideSolutionNode = FALSE
	EndGlobalSection
	GlobalSection(ExtensibilityGlobals) = postSolution
		SolutionGuid = {2754BCD7-7692-4C77-9C6E-FAF29342E323}
	EndGlobalSection
EndGlobal
